
Microsoft Visual Studio Solution File, Format Version 12.00
# Visual Studio Version 17
VisualStudioVersion = 17.14.36603.0
MinimumVisualStudioVersion = 10.0.40219.1
Project("{FAE04EC0-301F-11D3-BF4B-00C04F79EFBC}") = "Volunteer Tracker", "Volunteer Tracker\Volunteer Tracker.csproj", "{029B0091-C1CB-4955-A61D-40FCA5DAC226}"
EndProject
Project("{FAE04EC0-301F-11D3-BF4B-00C04F79EFBC}") = "RatingViewModelTests", "RatingViewModelTests\RatingViewModelTests.csproj", "{01670960-2B18-45EF-944E-221EBFDCED76}"
EndProject
Global
	GlobalSection(SolutionConfigurationPlatforms) = preSolution
		Debug|Any CPU = Debug|Any CPU
		Release|Any CPU = Release|Any CPU
	EndGlobalSection
	GlobalSection(ProjectConfigurationPlatforms) = postSolution
		{029B0091-C1CB-4955-A61D-40FCA5DAC226}.Debug|Any CPU.ActiveCfg = Debug|Any CPU
		{029B0091-C1CB-4955-A61D-40FCA5DAC226}.Debug|Any CPU.Build.0 = Debug|Any CPU
		{029B0091-C1CB-4955-A61D-40FCA5DAC226}.Release|Any CPU.ActiveCfg = Release|Any CPU
		{029B0091-C1CB-4955-A61D-40FCA5DAC226}.Release|Any CPU.Build.0 = Release|Any CPU
		{01670960-2B18-45EF-944E-221EBFDCED76}.Debug|Any CPU.ActiveCfg = Debug|Any CPU
		{01670960-2B18-45EF-944E-221EBFDCED76}.Debug|Any CPU.Build.0 = Debug|Any CPU
		{01670960-2B18-45EF-944E-221EBFDCED76}.Release|Any CPU.ActiveCfg = Release|Any CPU
		{01670960-2B18-45EF-944E-221EBFDCED76}.Release|Any CPU.Build.0 = Release|Any CPU
	EndGlobalSection
	GlobalSection(SolutionProperties) = preSolution
		HideSolutionNode = FALSE
	EndGlobalSection
	GlobalSection(ExtensibilityGlobals) = postSolution
		SolutionGuid = {01602B70-4E65-4A8C-BD58-E918EE749F4C}
	EndGlobalSection
EndGlobal
